
Microsoft Visual Studio Solution File, Format Version 12.00
# Visual Studio Version 17
VisualStudioVersion = 17.13.35818.85 d17.13
MinimumVisualStudioVersion = 10.0.40219.1
Project("{FAE04EC0-301F-11D3-BF4B-00C04F79EFBC}") = "SimpleCalculatorDebug", "SimpleCalculatorDebug\SimpleCalculatorDebug.csproj", "{2C0BE41E-071A-4B5E-9901-396C8A37A4AD}"
EndProject
Global
	GlobalSection(SolutionConfigurationPlatforms) = preSolution
		Debug|Any CPU = Debug|Any CPU
		Release|Any CPU = Release|Any CPU
	EndGlobalSection
	GlobalSection(ProjectConfigurationPlatforms) = postSolution
		{2C0BE41E-071A-4B5E-9901-396C8A37A4AD}.Debug|Any CPU.ActiveCfg = Debug|Any CPU
		{2C0BE41E-071A-4B5E-9901-396C8A37A4AD}.Debug|Any CPU.Build.0 = Debug|Any CPU
		{2C0BE41E-071A-4B5E-9901-396C8A37A4AD}.Release|Any CPU.ActiveCfg = Release|Any CPU
		{2C0BE41E-071A-4B5E-9901-396C8A37A4AD}.Release|Any CPU.Build.0 = Release|Any CPU
	EndGlobalSection
	GlobalSection(SolutionProperties) = preSolution
		HideSolutionNode = FALSE
	EndGlobalSection
	GlobalSection(ExtensibilityGlobals) = postSolution
		SolutionGuid = {D7AED602-9DBF-4E67-92F8-EFD6701FAAA0}
	EndGlobalSection
EndGlobal
